{
  "name": "platforms",
  "version": "1.0.0",
  "lockfileVersion": 1,
  "requires": true,
  "dependencies": {
    "@npeplov/ajs-platform": {
      "version": "1.0.0",
      "resolved": "https://npm.pkg.github.com/download/@npeplov/ajs-platform/1.0.0/be95c05c378c193207cfa7d26a1772ea0eda10543f80715f3aa7d962f280f7f9",
      "integrity": "sha512-/ASWGcu2mUbTXYoZI+ghVmYVkngPPc6/nUj10di3QwqZQ4+93mXYX3EUyPEmJGaaZguVf9+q9aCh/JL/69Fz0g=="
    }
  }
}
